// !$*UTF8*$!
{
	archiveVersion = 1;
	classes = {
	};
	objectVersion = 46;
	objects = {

/* Begin PBXBuildFile section */
		8399C89A1C7D7E8D0090E6C0 /* AppDelegate.swift in Sources */ = {isa = PBXBuildFile; fileRef = 8399C8991C7D7E8D0090E6C0 /* AppDelegate.swift */; };
		8399C89C1C7D7E8D0090E6C0 /* ViewController.swift in Sources */ = {isa = PBXBuildFile; fileRef = 8399C89B1C7D7E8D0090E6C0 /* ViewController.swift */; };
		8399C89F1C7D7E8D0090E6C0 /* Main.storyboard in Resources */ = {isa = PBXBuildFile; fileRef = 8399C89D1C7D7E8D0090E6C0 /* Main.storyboard */; };
		8399C8A11C7D7E8D0090E6C0 /* Assets.xcassets in Resources */ = {isa = PBXBuildFile; fileRef = 8399C8A01C7D7E8D0090E6C0 /* Assets.xcassets */; };
		8399C8A41C7D7E8D0090E6C0 /* LaunchScreen.storyboard in Resources */ = {isa = PBXBuildFile; fileRef = 8399C8A21C7D7E8D0090E6C0 /* LaunchScreen.storyboard */; };
		8399C8B51C7D80760090E6C0 /* Quicksand_Dash.otf in Resources */ = {isa = PBXBuildFile; fileRef = 8399C8AE1C7D80760090E6C0 /* Quicksand_Dash.otf */; };
		8399C8B61C7D80760090E6C0 /* Quicksand-Bold.otf in Resources */ = {isa = PBXBuildFile; fileRef = 8399C8AF1C7D80760090E6C0 /* Quicksand-Bold.otf */; };
		8399C8B71C7D80760090E6C0 /* Quicksand-BoldItalic.otf in Resources */ = {isa = PBXBuildFile; fileRef = 8399C8B01C7D80760090E6C0 /* Quicksand-BoldItalic.otf */; };
		8399C8B81C7D80760090E6C0 /* Quicksand-Italic.otf in Resources */ = {isa = PBXBuildFile; fileRef = 8399C8B11C7D80760090E6C0 /* Quicksand-Italic.otf */; };
		8399C8B91C7D80760090E6C0 /* Quicksand-Light.otf in Resources */ = {isa = PBXBuildFile; fileRef = 8399C8B21C7D80760090E6C0 /* Quicksand-Light.otf */; };
		8399C8BA1C7D80760090E6C0 /* Quicksand-LightItalic.otf in Resources */ = {isa = PBXBuildFile; fileRef = 8399C8B31C7D80760090E6C0 /* Quicksand-LightItalic.otf */; };
		8399C8BB1C7D80760090E6C0 /* Quicksand-Regular.otf in Resources */ = {isa = PBXBuildFile; fileRef = 8399C8B41C7D80760090E6C0 /* Quicksand-Regular.otf */; };
/* End PBXBuildFile section */

/* Begin PBXFileReference section */
		8399C8961C7D7E8D0090E6C0 /* Critique.app */ = {isa = PBXFileReference; explicitFileType = wrapper.application; includeInIndex = 0; path = Critique.app; sourceTree = BUILT_PRODUCTS_DIR; };
		8399C8991C7D7E8D0090E6C0 /* AppDelegate.swift */ = {isa = PBXFileReference; lastKnownFileType = sourcecode.swift; path = AppDelegate.swift; sourceTree = "<group>"; };
		8399C89B1C7D7E8D0090E6C0 /* ViewController.swift */ = {isa = PBXFileReference; lastKnownFileType = sourcecode.swift; path = ViewController.swift; sourceTree = "<group>"; };
		8399C89E1C7D7E8D0090E6C0 /* Base */ = {isa = PBXFileReference; lastKnownFileType = file.storyboard; name = Base; path = Base.lproj/Main.storyboard; sourceTree = "<group>"; };
		8399C8A01C7D7E8D0090E6C0 /* Assets.xcassets */ = {isa = PBXFileReference; lastKnownFileType = folder.assetcatalog; path = Assets.xcassets; sourceTree = "<group>"; };
		8399C8A31C7D7E8D0090E6C0 /* Base */ = {isa = PBXFileReference; lastKnownFileType = file.storyboard; name = Base; path = Base.lproj/LaunchScreen.storyboard; sourceTree = "<group>"; };
		8399C8A51C7D7E8D0090E6C0 /* Info.plist */ = {isa = PBXFileReference; lastKnownFileType = text.plist.xml; path = Info.plist; sourceTree = "<group>"; };
		8399C8AC1C7D7F570090E6C0 /* en */ = {isa = PBXFileReference; lastKnownFileType = text.plist.strings; name = en; path = en.lproj/Main.strings; sourceTree = "<group>"; };
		8399C8AE1C7D80760090E6C0 /* Quicksand_Dash.otf */ = {isa = PBXFileReference; lastKnownFileType = file; path = Quicksand_Dash.otf; sourceTree = "<group>"; };
		8399C8AF1C7D80760090E6C0 /* Quicksand-Bold.otf */ = {isa = PBXFileReference; lastKnownFileType = file; path = "Quicksand-Bold.otf"; sourceTree = "<group>"; };
		8399C8B01C7D80760090E6C0 /* Quicksand-BoldItalic.otf */ = {isa = PBXFileReference; lastKnownFileType = file; path = "Quicksand-BoldItalic.otf"; sourceTree = "<group>"; };
		8399C8B11C7D80760090E6C0 /* Quicksand-Italic.otf */ = {isa = PBXFileReference; lastKnownFileType = file; path = "Quicksand-Italic.otf"; sourceTree = "<group>"; };
		8399C8B21C7D80760090E6C0 /* Quicksand-Light.otf */ = {isa = PBXFileReference; lastKnownFileType = file; path = "Quicksand-Light.otf"; sourceTree = "<group>"; };
		8399C8B31C7D80760090E6C0 /* Quicksand-LightItalic.otf */ = {isa = PBXFileReference; lastKnownFileType = file; path = "Quicksand-LightItalic.otf"; sourceTree = "<group>"; };
		8399C8B41C7D80760090E6C0 /* Quicksand-Regular.otf */ = {isa = PBXFileReference; lastKnownFileType = file; path = "Quicksand-Regular.otf"; sourceTree = "<group>"; };
/* End PBXFileReference section */

/* Begin PBXFrameworksBuildPhase section */
		8399C8931C7D7E8D0090E6C0 /* Frameworks */ = {
			isa = PBXFrameworksBuildPhase;
			buildActionMask = 2147483647;
			files = (
			);
			runOnlyForDeploymentPostprocessing = 0;
		};
/* End PBXFrameworksBuildPhase section */

/* Begin PBXGroup section */
		8399C88D1C7D7E8D0090E6C0 = {
			isa = PBXGroup;
			children = (
				8399C8981C7D7E8D0090E6C0 /* Critique */,
				8399C8971C7D7E8D0090E6C0 /* Products */,
			);
			sourceTree = "<group>";
		};
		8399C8971C7D7E8D0090E6C0 /* Products */ = {
			isa = PBXGroup;
			children = (
				8399C8961C7D7E8D0090E6C0 /* Critique.app */,
			);
			name = Products;
			sourceTree = "<group>";
		};
		8399C8981C7D7E8D0090E6C0 /* Critique */ = {
			isa = PBXGroup;
			children = (
				8399C8991C7D7E8D0090E6C0 /* AppDelegate.swift */,
				8399C89B1C7D7E8D0090E6C0 /* ViewController.swift */,
				8399C89D1C7D7E8D0090E6C0 /* Main.storyboard */,
				8399C8A01C7D7E8D0090E6C0 /* Assets.xcassets */,
				8399C8A21C7D7E8D0090E6C0 /* LaunchScreen.storyboard */,
				8399C8A51C7D7E8D0090E6C0 /* Info.plist */,
				8399C8AD1C7D7FF10090E6C0 /* SupportingFiles */,
			);
			path = Critique;
			sourceTree = "<group>";
		};
		8399C8AD1C7D7FF10090E6C0 /* SupportingFiles */ = {
			isa = PBXGroup;
			children = (
				8399C8AE1C7D80760090E6C0 /* Quicksand_Dash.otf */,
				8399C8AF1C7D80760090E6C0 /* Quicksand-Bold.otf */,
				8399C8B01C7D80760090E6C0 /* Quicksand-BoldItalic.otf */,
				8399C8B11C7D80760090E6C0 /* Quicksand-Italic.otf */,
				8399C8B21C7D80760090E6C0 /* Quicksand-Light.otf */,
				8399C8B31C7D80760090E6C0 /* Quicksand-LightItalic.otf */,
				8399C8B41C7D80760090E6C0 /* Quicksand-Regular.otf */,
			);
			name = SupportingFiles;
			sourceTree = "<group>";
		};
/* End PBXGroup section */

/* Begin PBXNativeTarget section */
		8399C8951C7D7E8D0090E6C0 /* Critique */ = {
			isa = PBXNativeTarget;
			buildConfigurationList = 8399C8A81C7D7E8D0090E6C0 /* Build configuration list for PBXNativeTarget "Critique" */;
			buildPhases = (
				8399C8921C7D7E8D0090E6C0 /* Sources */,
				8399C8931C7D7E8D0090E6C0 /* Frameworks */,
				8399C8941C7D7E8D0090E6C0 /* Resources */,
			);
			buildRules = (
			);
			dependencies = (
			);
			name = Critique;
			productName = Critique;
			productReference = 8399C8961C7D7E8D0090E6C0 /* Critique.app */;
			productType = "com.apple.product-type.application";
		};
/* End PBXNativeTarget section */

/* Begin PBXProject section */
		8399C88E1C7D7E8D0090E6C0 /* Project object */ = {
			isa = PBXProject;
			attributes = {
				LastSwiftUpdateCheck = 0720;
				LastUpgradeCheck = 0720;
				ORGANIZATIONNAME = "Christopher Oslund";
				TargetAttributes = {
					8399C8951C7D7E8D0090E6C0 = {
						CreatedOnToolsVersion = 7.2.1;
					};
				};
			};
			buildConfigurationList = 8399C8911C7D7E8D0090E6C0 /* Build configuration list for PBXProject "Critique" */;
			compatibilityVersion = "Xcode 3.2";
			developmentRegion = English;
			hasScannedForEncodings = 0;
			knownRegions = (
				en,
				Base,
			);
			mainGroup = 8399C88D1C7D7E8D0090E6C0;
			productRefGroup = 8399C8971C7D7E8D0090E6C0 /* Products */;
			projectDirPath = "";
			projectRoot = "";
			targets = (
				8399C8951C7D7E8D0090E6C0 /* Critique */,
			);
		};
/* End PBXProject section */

/* Begin PBXResourcesBuildPhase section */
		8399C8941C7D7E8D0090E6C0 /* Resources */ = {
			isa = PBXResourcesBuildPhase;
			buildActionMask = 2147483647;
			files = (
				8399C8A41C7D7E8D0090E6C0 /* LaunchScreen.storyboard in Resources */,
				8399C8A11C7D7E8D0090E6C0 /* Assets.xcassets in Resources */,
				8399C8B91C7D80760090E6C0 /* Quicksand-Light.otf in Resources */,
				8399C8B71C7D80760090E6C0 /* Quicksand-BoldItalic.otf in Resources */,
				8399C8BB1C7D80760090E6C0 /* Quicksand-Regular.otf in Resources */,
				8399C89F1C7D7E8D0090E6C0 /* Main.storyboard in Resources */,
				8399C8B51C7D80760090E6C0 /* Quicksand_Dash.otf in Resources */,
				8399C8B61C7D80760090E6C0 /* Quicksand-Bold.otf in Resources */,
				8399C8BA1C7D80760090E6C0 /* Quicksand-LightItalic.otf in Resources */,
				8399C8B81C7D80760090E6C0 /* Quicksand-Italic.otf in Resources */,
			);
			runOnlyForDeploymentPostprocessing = 0;
		};
/* End PBXResourcesBuildPhase section */

/* Begin PBXSourcesBuildPhase section */
		8399C8921C7D7E8D0090E6C0 /* Sources */ = {
			isa = PBXSourcesBuildPhase;
			buildActionMask = 2147483647;
			files = (
				8399C89C1C7D7E8D0090E6C0 /* ViewController.swift in Sources */,
				8399C89A1C7D7E8D0090E6C0 /* AppDelegate.swift in Sources */,
			);
			runOnlyForDeploymentPostprocessing = 0;
		};
/* End PBXSourcesBuildPhase section */

/* Begin PBXVariantGroup section */
		8399C89D1C7D7E8D0090E6C0 /* Main.storyboard */ = {
			isa = PBXVariantGroup;
			children = (
				8399C89E1C7D7E8D0090E6C0 /* Base */,
				8399C8AC1C7D7F570090E6C0 /* en */,
			);
			name = Main.storyboard;
			sourceTree = "<group>";
		};
		8399C8A21C7D7E8D0090E6C0 /* LaunchScreen.storyboard */ = {
			isa = PBXVariantGroup;
			children = (
				8399C8A31C7D7E8D0090E6C0 /* Base */,
			);
			name = LaunchScreen.storyboard;
			sourceTree = "<group>";
		};
/* End PBXVariantGroup section */

/* Begin XCBuildConfiguration section */
		8399C8A61C7D7E8D0090E6C0 /* Debug */ = {
			isa = XCBuildConfiguration;
			buildSettings = {
				ALWAYS_SEARCH_USER_PATHS = NO;
				CLANG_CXX_LANGUAGE_STANDARD = "gnu++0x";
				CLANG_CXX_LIBRARY = "libc++";
				CLANG_ENABLE_MODULES = YES;
				CLANG_ENABLE_OBJC_ARC = YES;
				CLANG_WARN_BOOL_CONVERSION = YES;
				CLANG_WARN_CONSTANT_CONVERSION = YES;
				CLANG_WARN_DIRECT_OBJC_ISA_USAGE = YES_ERROR;
				CLANG_WARN_EMPTY_BODY = YES;
				CLANG_WARN_ENUM_CONVERSION = YES;
				CLANG_WARN_INT_CONVERSION = YES;
				CLANG_WARN_OBJC_ROOT_CLASS = YES_ERROR;
				CLANG_WARN_UNREACHABLE_CODE = YES;
				CLANG_WARN__DUPLICATE_METHOD_MATCH = YES;
				"CODE_SIGN_IDENTITY[sdk=iphoneos*]" = "iPhone Developer";
				COPY_PHASE_STRIP = NO;
				DEBUG_INFORMATION_FORMAT = dwarf;
				ENABLE_STRICT_OBJC_MSGSEND = YES;
				ENABLE_TESTABILITY = YES;
				GCC_C_LANGUAGE_STANDARD = gnu99;
				GCC_DYNAMIC_NO_PIC = NO;
				GCC_NO_COMMON_BLOCKS = YES;
				GCC_OPTIMIZATION_LEVEL = 0;
				GCC_PREPROCESSOR_DEFINITIONS = (
					"DEBUG=1",
					"$(inherited)",
				);
				GCC_WARN_64_TO_32_BIT_CONVERSION = YES;
				GCC_WARN_ABOUT_RETURN_TYPE = YES_ERROR;
				GCC_WARN_UNDECLARED_SELECTOR = YES;
				GCC_WARN_UNINITIALIZED_AUTOS = YES_AGGRESSIVE;
				GCC_WARN_UNUSED_FUNCTION = YES;
				GCC_WARN_UNUSED_VARIABLE = YES;
				IPHONEOS_DEPLOYMENT_TARGET = 9.2;
				MTL_ENABLE_DEBUG_INFO = YES;
				ONLY_ACTIVE_ARCH = YES;
				SDKROOT = iphoneos;
				SWIFT_OPTIMIZATION_LEVEL = "-Onone";
			};
			name = Debug;
		};
		8399C8A71C7D7E8D0090E6C0 /* Release */ = {
			isa = XCBuildConfiguration;
			buildSettings = {
				ALWAYS_SEARCH_USER_PATHS = NO;
				CLANG_CXX_LANGUAGE_STANDARD = "gnu++0x";
				CLANG_CXX_LIBRARY = "libc++";
				CLANG_ENABLE_MODULES = YES;
				CLANG_ENABLE_OBJC_ARC = YES;
				CLANG_WARN_BOOL_CONVERSION = YES;
				CLANG_WARN_CONSTANT_CONVERSION = YES;
				CLANG_WARN_DIRECT_OBJC_ISA_USAGE = YES_ERROR;
				CLANG_WARN_EMPTY_BODY = YES;
				CLANG_WARN_ENUM_CONVERSION = YES;
				CLANG_WARN_INT_CONVERSION = YES;
				CLANG_WARN_OBJC_ROOT_CLASS = YES_ERROR;
				CLANG_WARN_UNREACHABLE_CODE = YES;
				CLANG_WARN__DUPLICATE_METHOD_MATCH = YES;
				"CODE_SIGN_IDENTITY[sdk=iphoneos*]" = "iPhone Developer";
				COPY_PHASE_STRIP = NO;
				DEBUG_INFORMATION_FORMAT = "dwarf-with-dsym";
				ENABLE_NS_ASSERTIONS = NO;
				ENABLE_STRICT_OBJC_MSGSEND = YES;
				GCC_C_LANGUAGE_STANDARD = gnu99;
				GCC_NO_COMMON_BLOCKS = YES;
				GCC_WARN_64_TO_32_BIT_CONVERSION = YES;
				GCC_WARN_ABOUT_RETURN_TYPE = YES_ERROR;
				GCC_WARN_UNDECLARED_SELECTOR = YES;
				GCC_WARN_UNINITIALIZED_AUTOS = YES_AGGRESSIVE;
				GCC_WARN_UNUSED_FUNCTION = YES;
				GCC_WARN_UNUSED_VARIABLE = YES;
				IPHONEOS_DEPLOYMENT_TARGET = 9.2;
				MTL_ENABLE_DEBUG_INFO = NO;
				SDKROOT = iphoneos;
				VALIDATE_PRODUCT = YES;
			};
			name = Release;
		};
		8399C8A91C7D7E8D0090E6C0 /* Debug */ = {
			isa = XCBuildConfiguration;
			buildSettings = {
				ASSETCATALOG_COMPILER_APPICON_NAME = AppIcon;
				INFOPLIST_FILE = Critique/Info.plist;
				LD_RUNPATH_SEARCH_PATHS = "$(inherited) @executable_path/Frameworks";
				PRODUCT_BUNDLE_IDENTIFIER = com.chrisoslund.Critique;
				PRODUCT_NAME = "$(TARGET_NAME)";
			};
			name = Debug;
		};
		8399C8AA1C7D7E8D0090E6C0 /* Release */ = {
			isa = XCBuildConfiguration;
			buildSettings = {
				ASSETCATALOG_COMPILER_APPICON_NAME = AppIcon;
				INFOPLIST_FILE = Critique/Info.plist;
				LD_RUNPATH_SEARCH_PATHS = "$(inherited) @executable_path/Frameworks";
				PRODUCT_BUNDLE_IDENTIFIER = com.chrisoslund.Critique;
				PRODUCT_NAME = "$(TARGET_NAME)";
			};
			name = Release;
		};
/* End XCBuildConfiguration section */

/* Begin XCConfigurationList section */
		8399C8911C7D7E8D0090E6C0 /* Build configuration list for PBXProject "Critique" */ = {
			isa = XCConfigurationList;
			buildConfigurations = (
				8399C8A61C7D7E8D0090E6C0 /* Debug */,
				8399C8A71C7D7E8D0090E6C0 /* Release */,
			);
			defaultConfigurationIsVisible = 0;
			defaultConfigurationName = Release;
		};
		8399C8A81C7D7E8D0090E6C0 /* Build configuration list for PBXNativeTarget "Critique" */ = {
			isa = XCConfigurationList;
			buildConfigurations = (
				8399C8A91C7D7E8D0090E6C0 /* Debug */,
				8399C8AA1C7D7E8D0090E6C0 /* Release */,
			);
			defaultConfigurationIsVisible = 0;
		};
/* End XCConfigurationList section */
	};
	rootObject = 8399C88E1C7D7E8D0090E6C0 /* Project object */;
}
